
Microsoft Visual Studio Solution File, Format Version 12.00
# Visual Studio Version 17
VisualStudioVersion = 17.5.33530.505
MinimumVisualStudioVersion = 10.0.40219.1
Project("{FAE04EC0-301F-11D3-BF4B-00C04F79EFBC}") = "little mimi", "ConsoleApp2\little mimi.csproj", "{E5B6A7B1-547E-44D4-A1B4-07114EDFEEF7}"
EndProject
Global
	GlobalSection(SolutionConfigurationPlatforms) = preSolution
		Debug|Any CPU = Debug|Any CPU
		Debug|x64 = Debug|x64
		Debug|x86 = Debug|x86
		Release|Any CPU = Release|Any CPU
		Release|x64 = Release|x64
		Release|x86 = Release|x86
	EndGlobalSection
	GlobalSection(ProjectConfigurationPlatforms) = postSolution
		{E5B6A7B1-547E-44D4-A1B4-07114EDFEEF7}.Debug|Any CPU.ActiveCfg = Debug|Any CPU
		{E5B6A7B1-547E-44D4-A1B4-07114EDFEEF7}.Debug|Any CPU.Build.0 = Debug|Any CPU
		{E5B6A7B1-547E-44D4-A1B4-07114EDFEEF7}.Debug|x64.ActiveCfg = Debug|x64
		{E5B6A7B1-547E-44D4-A1B4-07114EDFEEF7}.Debug|x64.Build.0 = Debug|x64
		{E5B6A7B1-547E-44D4-A1B4-07114EDFEEF7}.Debug|x86.ActiveCfg = Debug|x86
		{E5B6A7B1-547E-44D4-A1B4-07114EDFEEF7}.Debug|x86.Build.0 = Debug|x86
		{E5B6A7B1-547E-44D4-A1B4-07114EDFEEF7}.Release|Any CPU.ActiveCfg = Release|Any CPU
		{E5B6A7B1-547E-44D4-A1B4-07114EDFEEF7}.Release|Any CPU.Build.0 = Release|Any CPU
		{E5B6A7B1-547E-44D4-A1B4-07114EDFEEF7}.Release|x64.ActiveCfg = Release|x64
		{E5B6A7B1-547E-44D4-A1B4-07114EDFEEF7}.Release|x64.Build.0 = Release|x64
		{E5B6A7B1-547E-44D4-A1B4-07114EDFEEF7}.Release|x86.ActiveCfg = Release|x86
		{E5B6A7B1-547E-44D4-A1B4-07114EDFEEF7}.Release|x86.Build.0 = Release|x86
	EndGlobalSection
	GlobalSection(SolutionProperties) = preSolution
		HideSolutionNode = FALSE
	EndGlobalSection
	GlobalSection(ExtensibilityGlobals) = postSolution
		SolutionGuid = {D7B16FF8-392A-4313-BD34-AF534E4CC331}
	EndGlobalSection
EndGlobal
